
Microsoft Visual Studio Solution File, Format Version 12.00
# Visual Studio Version 17
VisualStudioVersion = 17.11.35222.181
MinimumVisualStudioVersion = 10.0.40219.1
Project("{9A19103F-16F7-4668-BE54-9A1E7A4F7556}") = "BlazorApp1", "BlazorApp1.csproj", "{18230134-DE1F-4A74-AC0B-0D9E978C4DA8}"
EndProject
Global
	GlobalSection(SolutionConfigurationPlatforms) = preSolution
		Debug|Any CPU = Debug|Any CPU
		Release|Any CPU = Release|Any CPU
	EndGlobalSection
	GlobalSection(ProjectConfigurationPlatforms) = postSolution
		{18230134-DE1F-4A74-AC0B-0D9E978C4DA8}.Debug|Any CPU.ActiveCfg = Debug|Any CPU
		{18230134-DE1F-4A74-AC0B-0D9E978C4DA8}.Debug|Any CPU.Build.0 = Debug|Any CPU
		{18230134-DE1F-4A74-AC0B-0D9E978C4DA8}.Release|Any CPU.ActiveCfg = Release|Any CPU
		{18230134-DE1F-4A74-AC0B-0D9E978C4DA8}.Release|Any CPU.Build.0 = Release|Any CPU
	EndGlobalSection
	GlobalSection(SolutionProperties) = preSolution
		HideSolutionNode = FALSE
	EndGlobalSection
	GlobalSection(ExtensibilityGlobals) = postSolution
		SolutionGuid = {724A2E96-F1FA-4B87-AAFC-3D2F923370DA}
	EndGlobalSection
EndGlobal
